{
  "version": 1,
  "dependencies": {
    "net8.0-windows7.0": {
      "DalamudPackager": {
        "type": "Direct",
        "requested": "[11.0.0, )",
        "resolved": "11.0.0",
        "contentHash": "bjT7XUlhIJSmsE/O76b7weUX+evvGQctbQB8aKXt94o+oPWxHpCepxAGMs7Thow3AzCyqWs7cOpp9/2wcgRRQA=="
      },
      "Fody": {
        "type": "Direct",
        "requested": "[6.8.1, )",
        "resolved": "6.8.1",
        "contentHash": "pwk2/No1kL1ft+zMT2y0MvzB6W5cpkdOTj+0+T2u7LGJMTw37qtlnHzCSCyvwRiZVoJ/V/DE78eQ/WEcutUVDw=="
      },
      "Lumina": {
        "type": "Direct",
        "requested": "[5.6.0, )",
        "resolved": "5.6.0",
        "contentHash": "Ugq7eY0ZrUxtqqfg9m4S+3fF5agU6pB+EIHqEMSGO5MH1b+xKCL/5hHWY+bEB6aRnDlEAmSGhx703z5bMOCqZg==",
        "dependencies": {
          "Microsoft.Extensions.ObjectPool": "8.0.7"
        }
      },
      "NAudio.Core": {
        "type": "Direct",
        "requested": "[2.2.1, )",
        "resolved": "2.2.1",
        "contentHash": "GgkdP6K/7FqXFo7uHvoqGZTJvW4z8g2IffhOO4JHaLzKCdDOUEzVKtveoZkCuUX8eV2HAINqi7VFqlFndrnz/g=="
      },
      "NAudio.Wasapi": {
        "type": "Direct",
        "requested": "[2.2.1, )",
        "resolved": "2.2.1",
        "contentHash": "lFfXoqacZZe0WqNChJgGYI+XV/n/61LzPHT3C1CJp4khoxeo2sziyX5wzNYWeCMNbsWxFvT3b3iXeY1UYjBhZw==",
        "dependencies": {
          "NAudio.Core": "2.2.1"
        }
      },
      "Resourcer.Fody": {
        "type": "Direct",
        "requested": "[1.8.1, )",
        "resolved": "1.8.1",
        "contentHash": "FPeK4jKyyX5+mIjTnHNReGZk2/2xDhmu44UsBI5w9WEhbr4oTMmht3rnBr46A+GCGepC4+2N41K4vExDYiGNVQ==",
        "dependencies": {
          "Fody": "6.6.4"
        }
      },
      "Microsoft.Extensions.ObjectPool": {
        "type": "Transitive",
        "resolved": "8.0.7",
        "contentHash": "2yLweyqmpuuFSRo+I3sLHMxmnAgNcI537kBJiyv49U2ZEqo00jZcG8lrnD8uCiOJp9IklYyTZULtbsXoFVzsjQ=="
      },
      "PeepingTom.Ipc": {
        "type": "Project",
        "dependencies": {
          "Lumina": "[5.6.0, )"
        }
      }
    }
  }
}